// !$*UTF8*$!
{
	archiveVersion = 1;
	classes = {
	};
	objectVersion = 46;
	objects = {

/* Begin PBXBuildFile section */
		FE4D016F1CA6682E001CD67C /* AppDelegate.swift in Sources */ = {isa = PBXBuildFile; fileRef = FE4D016E1CA6682E001CD67C /* AppDelegate.swift */; };
		FE4D01711CA6682E001CD67C /* ViewController.swift in Sources */ = {isa = PBXBuildFile; fileRef = FE4D01701CA6682E001CD67C /* ViewController.swift */; };
		FE4D01741CA6682E001CD67C /* Main.storyboard in Resources */ = {isa = PBXBuildFile; fileRef = FE4D01721CA6682E001CD67C /* Main.storyboard */; };
		FE4D01761CA6682E001CD67C /* Assets.xcassets in Resources */ = {isa = PBXBuildFile; fileRef = FE4D01751CA6682E001CD67C /* Assets.xcassets */; };
		FE4D01791CA6682E001CD67C /* LaunchScreen.storyboard in Resources */ = {isa = PBXBuildFile; fileRef = FE4D01771CA6682E001CD67C /* LaunchScreen.storyboard */; };
		FE4D01811CA66869001CD67C /* ColorViewController.swift in Sources */ = {isa = PBXBuildFile; fileRef = FE4D01801CA66869001CD67C /* ColorViewController.swift */; };
/* End PBXBuildFile section */

/* Begin PBXFileReference section */
		FE4D016B1CA6682E001CD67C /* CVNavigationBarTest.app */ = {isa = PBXFileReference; explicitFileType = wrapper.application; includeInIndex = 0; path = CVNavigationBarTest.app; sourceTree = BUILT_PRODUCTS_DIR; };
		FE4D016E1CA6682E001CD67C /* AppDelegate.swift */ = {isa = PBXFileReference; lastKnownFileType = sourcecode.swift; path = AppDelegate.swift; sourceTree = "<group>"; };
		FE4D01701CA6682E001CD67C /* ViewController.swift */ = {isa = PBXFileReference; lastKnownFileType = sourcecode.swift; path = ViewController.swift; sourceTree = "<group>"; };
		FE4D01731CA6682E001CD67C /* Base */ = {isa = PBXFileReference; lastKnownFileType = file.storyboard; name = Base; path = Base.lproj/Main.storyboard; sourceTree = "<group>"; };
		FE4D01751CA6682E001CD67C /* Assets.xcassets */ = {isa = PBXFileReference; lastKnownFileType = folder.assetcatalog; path = Assets.xcassets; sourceTree = "<group>"; };
		FE4D01781CA6682E001CD67C /* Base */ = {isa = PBXFileReference; lastKnownFileType = file.storyboard; name = Base; path = Base.lproj/LaunchScreen.storyboard; sourceTree = "<group>"; };
		FE4D017A1CA6682E001CD67C /* Info.plist */ = {isa = PBXFileReference; lastKnownFileType = text.plist.xml; path = Info.plist; sourceTree = "<group>"; };
		FE4D01801CA66869001CD67C /* ColorViewController.swift */ = {isa = PBXFileReference; fileEncoding = 4; lastKnownFileType = sourcecode.swift; path = ColorViewController.swift; sourceTree = "<group>"; };
/* End PBXFileReference section */

/* Begin PBXFrameworksBuildPhase section */
		FE4D01681CA6682E001CD67C /* Frameworks */ = {
			isa = PBXFrameworksBuildPhase;
			buildActionMask = 2147483647;
			files = (
			);
			runOnlyForDeploymentPostprocessing = 0;
		};
/* End PBXFrameworksBuildPhase section */

/* Begin PBXGroup section */
		FE4D01621CA6682E001CD67C = {
			isa = PBXGroup;
			children = (
				FE4D016D1CA6682E001CD67C /* CVNavigationBarTest */,
				FE4D016C1CA6682E001CD67C /* Products */,
			);
			sourceTree = "<group>";
		};
		FE4D016C1CA6682E001CD67C /* Products */ = {
			isa = PBXGroup;
			children = (
				FE4D016B1CA6682E001CD67C /* CVNavigationBarTest.app */,
			);
			name = Products;
			sourceTree = "<group>";
		};
		FE4D016D1CA6682E001CD67C /* CVNavigationBarTest */ = {
			isa = PBXGroup;
			children = (
				FE4D016E1CA6682E001CD67C /* AppDelegate.swift */,
				FE4D01701CA6682E001CD67C /* ViewController.swift */,
				FE4D01721CA6682E001CD67C /* Main.storyboard */,
				FE4D01751CA6682E001CD67C /* Assets.xcassets */,
				FE4D01771CA6682E001CD67C /* LaunchScreen.storyboard */,
				FE4D017A1CA6682E001CD67C /* Info.plist */,
				FE4D01801CA66869001CD67C /* ColorViewController.swift */,
			);
			path = CVNavigationBarTest;
			sourceTree = "<group>";
		};
/* End PBXGroup section */

/* Begin PBXNativeTarget section */
		FE4D016A1CA6682E001CD67C /* CVNavigationBarTest */ = {
			isa = PBXNativeTarget;
			buildConfigurationList = FE4D017D1CA6682E001CD67C /* Build configuration list for PBXNativeTarget "CVNavigationBarTest" */;
			buildPhases = (
				FE4D01671CA6682E001CD67C /* Sources */,
				FE4D01681CA6682E001CD67C /* Frameworks */,
				FE4D01691CA6682E001CD67C /* Resources */,
			);
			buildRules = (
			);
			dependencies = (
			);
			name = CVNavigationBarTest;
			productName = CVNavigationBarTest;
			productReference = FE4D016B1CA6682E001CD67C /* CVNavigationBarTest.app */;
			productType = "com.apple.product-type.application";
		};
/* End PBXNativeTarget section */

/* Begin PBXProject section */
		FE4D01631CA6682E001CD67C /* Project object */ = {
			isa = PBXProject;
			attributes = {
				LastSwiftUpdateCheck = 0730;
				LastUpgradeCheck = 0730;
				ORGANIZATIONNAME = "Zhao Wang";
				TargetAttributes = {
					FE4D016A1CA6682E001CD67C = {
						CreatedOnToolsVersion = 7.3;
					};
				};
			};
			buildConfigurationList = FE4D01661CA6682E001CD67C /* Build configuration list for PBXProject "CVNavigationBarTest" */;
			compatibilityVersion = "Xcode 3.2";
			developmentRegion = English;
			hasScannedForEncodings = 0;
			knownRegions = (
				en,
				Base,
			);
			mainGroup = FE4D01621CA6682E001CD67C;
			productRefGroup = FE4D016C1CA6682E001CD67C /* Products */;
			projectDirPath = "";
			projectRoot = "";
			targets = (
				FE4D016A1CA6682E001CD67C /* CVNavigationBarTest */,
			);
		};
/* End PBXProject section */

/* Begin PBXResourcesBuildPhase section */
		FE4D01691CA6682E001CD67C /* Resources */ = {
			isa = PBXResourcesBuildPhase;
			buildActionMask = 2147483647;
			files = (
				FE4D01791CA6682E001CD67C /* LaunchScreen.storyboard in Resources */,
				FE4D01761CA6682E001CD67C /* Assets.xcassets in Resources */,
				FE4D01741CA6682E001CD67C /* Main.storyboard in Resources */,
			);
			runOnlyForDeploymentPostprocessing = 0;
		};
/* End PBXResourcesBuildPhase section */

/* Begin PBXSourcesBuildPhase section */
		FE4D01671CA6682E001CD67C /* Sources */ = {
			isa = PBXSourcesBuildPhase;
			buildActionMask = 2147483647;
			files = (
				FE4D01711CA6682E001CD67C /* ViewController.swift in Sources */,
				FE4D016F1CA6682E001CD67C /* AppDelegate.swift in Sources */,
				FE4D01811CA66869001CD67C /* ColorViewController.swift in Sources */,
			);
			runOnlyForDeploymentPostprocessing = 0;
		};
/* End PBXSourcesBuildPhase section */

/* Begin PBXVariantGroup section */
		FE4D01721CA6682E001CD67C /* Main.storyboard */ = {
			isa = PBXVariantGroup;
			children = (
				FE4D01731CA6682E001CD67C /* Base */,
			);
			name = Main.storyboard;
			sourceTree = "<group>";
		};
		FE4D01771CA6682E001CD67C /* LaunchScreen.storyboard */ = {
			isa = PBXVariantGroup;
			children = (
				FE4D01781CA6682E001CD67C /* Base */,
			);
			name = LaunchScreen.storyboard;
			sourceTree = "<group>";
		};
/* End PBXVariantGroup section */

/* Begin XCBuildConfiguration section */
		FE4D017B1CA6682E001CD67C /* Debug */ = {
			isa = XCBuildConfiguration;
			buildSettings = {
				ALWAYS_SEARCH_USER_PATHS = NO;
				CLANG_ANALYZER_NONNULL = YES;
				CLANG_CXX_LANGUAGE_STANDARD = "gnu++0x";
				CLANG_CXX_LIBRARY = "libc++";
				CLANG_ENABLE_MODULES = YES;
				CLANG_ENABLE_OBJC_ARC = YES;
				CLANG_WARN_BOOL_CONVERSION = YES;
				CLANG_WARN_CONSTANT_CONVERSION = YES;
				CLANG_WARN_DIRECT_OBJC_ISA_USAGE = YES_ERROR;
				CLANG_WARN_EMPTY_BODY = YES;
				CLANG_WARN_ENUM_CONVERSION = YES;
				CLANG_WARN_INT_CONVERSION = YES;
				CLANG_WARN_OBJC_ROOT_CLASS = YES_ERROR;
				CLANG_WARN_UNREACHABLE_CODE = YES;
				CLANG_WARN__DUPLICATE_METHOD_MATCH = YES;
				"CODE_SIGN_IDENTITY[sdk=iphoneos*]" = "iPhone Developer";
				COPY_PHASE_STRIP = NO;
				DEBUG_INFORMATION_FORMAT = dwarf;
				ENABLE_STRICT_OBJC_MSGSEND = YES;
				ENABLE_TESTABILITY = YES;
				GCC_C_LANGUAGE_STANDARD = gnu99;
				GCC_DYNAMIC_NO_PIC = NO;
				GCC_NO_COMMON_BLOCKS = YES;
				GCC_OPTIMIZATION_LEVEL = 0;
				GCC_PREPROCESSOR_DEFINITIONS = (
					"DEBUG=1",
					"$(inherited)",
				);
				GCC_WARN_64_TO_32_BIT_CONVERSION = YES;
				GCC_WARN_ABOUT_RETURN_TYPE = YES_ERROR;
				GCC_WARN_UNDECLARED_SELECTOR = YES;
				GCC_WARN_UNINITIALIZED_AUTOS = YES_AGGRESSIVE;
				GCC_WARN_UNUSED_FUNCTION = YES;
				GCC_WARN_UNUSED_VARIABLE = YES;
				IPHONEOS_DEPLOYMENT_TARGET = 9.3;
				MTL_ENABLE_DEBUG_INFO = YES;
				ONLY_ACTIVE_ARCH = YES;
				SDKROOT = iphoneos;
				SWIFT_OPTIMIZATION_LEVEL = "-Onone";
			};
			name = Debug;
		};
		FE4D017C1CA6682E001CD67C /* Release */ = {
			isa = XCBuildConfiguration;
			buildSettings = {
				ALWAYS_SEARCH_USER_PATHS = NO;
				CLANG_ANALYZER_NONNULL = YES;
				CLANG_CXX_LANGUAGE_STANDARD = "gnu++0x";
				CLANG_CXX_LIBRARY = "libc++";
				CLANG_ENABLE_MODULES = YES;
				CLANG_ENABLE_OBJC_ARC = YES;
				CLANG_WARN_BOOL_CONVERSION = YES;
				CLANG_WARN_CONSTANT_CONVERSION = YES;
				CLANG_WARN_DIRECT_OBJC_ISA_USAGE = YES_ERROR;
				CLANG_WARN_EMPTY_BODY = YES;
				CLANG_WARN_ENUM_CONVERSION = YES;
				CLANG_WARN_INT_CONVERSION = YES;
				CLANG_WARN_OBJC_ROOT_CLASS = YES_ERROR;
				CLANG_WARN_UNREACHABLE_CODE = YES;
				CLANG_WARN__DUPLICATE_METHOD_MATCH = YES;
				"CODE_SIGN_IDENTITY[sdk=iphoneos*]" = "iPhone Developer";
				COPY_PHASE_STRIP = NO;
				DEBUG_INFORMATION_FORMAT = "dwarf-with-dsym";
				ENABLE_NS_ASSERTIONS = NO;
				ENABLE_STRICT_OBJC_MSGSEND = YES;
				GCC_C_LANGUAGE_STANDARD = gnu99;
				GCC_NO_COMMON_BLOCKS = YES;
				GCC_WARN_64_TO_32_BIT_CONVERSION = YES;
				GCC_WARN_ABOUT_RETURN_TYPE = YES_ERROR;
				GCC_WARN_UNDECLARED_SELECTOR = YES;
				GCC_WARN_UNINITIALIZED_AUTOS = YES_AGGRESSIVE;
				GCC_WARN_UNUSED_FUNCTION = YES;
				GCC_WARN_UNUSED_VARIABLE = YES;
				IPHONEOS_DEPLOYMENT_TARGET = 9.3;
				MTL_ENABLE_DEBUG_INFO = NO;
				SDKROOT = iphoneos;
				VALIDATE_PRODUCT = YES;
			};
			name = Release;
		};
		FE4D017E1CA6682E001CD67C /* Debug */ = {
			isa = XCBuildConfiguration;
			buildSettings = {
				ASSETCATALOG_COMPILER_APPICON_NAME = AppIcon;
				INFOPLIST_FILE = CVNavigationBarTest/Info.plist;
				IPHONEOS_DEPLOYMENT_TARGET = 9.0;
				LD_RUNPATH_SEARCH_PATHS = "$(inherited) @executable_path/Frameworks";
				PRODUCT_BUNDLE_IDENTIFIER = com.zhaowang12345.CVNavigationBarTest;
				PRODUCT_NAME = "$(TARGET_NAME)";
			};
			name = Debug;
		};
		FE4D017F1CA6682E001CD67C /* Release */ = {
			isa = XCBuildConfiguration;
			buildSettings = {
				ASSETCATALOG_COMPILER_APPICON_NAME = AppIcon;
				INFOPLIST_FILE = CVNavigationBarTest/Info.plist;
				IPHONEOS_DEPLOYMENT_TARGET = 9.0;
				LD_RUNPATH_SEARCH_PATHS = "$(inherited) @executable_path/Frameworks";
				PRODUCT_BUNDLE_IDENTIFIER = com.zhaowang12345.CVNavigationBarTest;
				PRODUCT_NAME = "$(TARGET_NAME)";
			};
			name = Release;
		};
/* End XCBuildConfiguration section */

/* Begin XCConfigurationList section */
		FE4D01661CA6682E001CD67C /* Build configuration list for PBXProject "CVNavigationBarTest" */ = {
			isa = XCConfigurationList;
			buildConfigurations = (
				FE4D017B1CA6682E001CD67C /* Debug */,
				FE4D017C1CA6682E001CD67C /* Release */,
			);
			defaultConfigurationIsVisible = 0;
			defaultConfigurationName = Release;
		};
		FE4D017D1CA6682E001CD67C /* Build configuration list for PBXNativeTarget "CVNavigationBarTest" */ = {
			isa = XCConfigurationList;
			buildConfigurations = (
				FE4D017E1CA6682E001CD67C /* Debug */,
				FE4D017F1CA6682E001CD67C /* Release */,
			);
			defaultConfigurationIsVisible = 0;
		};
/* End XCConfigurationList section */
	};
	rootObject = FE4D01631CA6682E001CD67C /* Project object */;
}
